
Microsoft Visual Studio Solution File, Format Version 12.00
# Visual Studio 15
VisualStudioVersion = 15.0.28307.271
MinimumVisualStudioVersion = 10.0.40219.1
Project("{9A19103F-16F7-4668-BE54-9A1E7A4F7556}") = "BenchmarkCore", "BenchmarkCore\BenchmarkCore.csproj", "{9510D71B-5CD1-4D6E-BB98-CCB09627F311}"
EndProject
Project("{9A19103F-16F7-4668-BE54-9A1E7A4F7556}") = "CSharpFastPFORCore", "CSharpFastPFORCore\CSharpFastPFORCore.csproj", "{C5BF60D2-0794-457A-AC87-39337A8FB12B}"
EndProject
Project("{9A19103F-16F7-4668-BE54-9A1E7A4F7556}") = "CSharpFastPFORCore.Test", "CSharpFastPFORCore.Test\CSharpFastPFORCore.Test.csproj", "{8A68B44E-443B-4F9E-BE80-326C34B90F98}"
EndProject
Global
	GlobalSection(SolutionConfigurationPlatforms) = preSolution
		Debug|Any CPU = Debug|Any CPU
		Release|Any CPU = Release|Any CPU
	EndGlobalSection
	GlobalSection(ProjectConfigurationPlatforms) = postSolution
		{9510D71B-5CD1-4D6E-BB98-CCB09627F311}.Debug|Any CPU.ActiveCfg = Debug|Any CPU
		{9510D71B-5CD1-4D6E-BB98-CCB09627F311}.Debug|Any CPU.Build.0 = Debug|Any CPU
		{9510D71B-5CD1-4D6E-BB98-CCB09627F311}.Release|Any CPU.ActiveCfg = Release|Any CPU
		{9510D71B-5CD1-4D6E-BB98-CCB09627F311}.Release|Any CPU.Build.0 = Release|Any CPU
		{C5BF60D2-0794-457A-AC87-39337A8FB12B}.Debug|Any CPU.ActiveCfg = Debug|Any CPU
		{C5BF60D2-0794-457A-AC87-39337A8FB12B}.Debug|Any CPU.Build.0 = Debug|Any CPU
		{C5BF60D2-0794-457A-AC87-39337A8FB12B}.Release|Any CPU.ActiveCfg = Release|Any CPU
		{C5BF60D2-0794-457A-AC87-39337A8FB12B}.Release|Any CPU.Build.0 = Release|Any CPU
		{8A68B44E-443B-4F9E-BE80-326C34B90F98}.Debug|Any CPU.ActiveCfg = Debug|Any CPU
		{8A68B44E-443B-4F9E-BE80-326C34B90F98}.Debug|Any CPU.Build.0 = Debug|Any CPU
		{8A68B44E-443B-4F9E-BE80-326C34B90F98}.Release|Any CPU.ActiveCfg = Release|Any CPU
		{8A68B44E-443B-4F9E-BE80-326C34B90F98}.Release|Any CPU.Build.0 = Release|Any CPU
	EndGlobalSection
	GlobalSection(SolutionProperties) = preSolution
		HideSolutionNode = FALSE
	EndGlobalSection
	GlobalSection(ExtensibilityGlobals) = postSolution
		SolutionGuid = {13A1030F-61A0-4315-B0B8-C51E603BB700}
	EndGlobalSection
EndGlobal
